
Microsoft Visual Studio Solution File, Format Version 12.00
# Visual Studio Version 16
VisualStudioVersion = 16.0.29209.62
MinimumVisualStudioVersion = 10.0.40219.1
Project("{FAE04EC0-301F-11D3-BF4B-00C04F79EFBC}") = "WebApp", "WebApp\WebApp.csproj", "{81A111C3-7F73-4EBC-B0A7-B0FF3EFE47CC}"
EndProject
Global
	GlobalSection(SolutionConfigurationPlatforms) = preSolution
		Debug|Any CPU = Debug|Any CPU
		Release|Any CPU = Release|Any CPU
	EndGlobalSection
	GlobalSection(ProjectConfigurationPlatforms) = postSolution
		{81A111C3-7F73-4EBC-B0A7-B0FF3EFE47CC}.Debug|Any CPU.ActiveCfg = Debug|Any CPU
		{81A111C3-7F73-4EBC-B0A7-B0FF3EFE47CC}.Debug|Any CPU.Build.0 = Debug|Any CPU
		{81A111C3-7F73-4EBC-B0A7-B0FF3EFE47CC}.Release|Any CPU.ActiveCfg = Release|Any CPU
		{81A111C3-7F73-4EBC-B0A7-B0FF3EFE47CC}.Release|Any CPU.Build.0 = Release|Any CPU
	EndGlobalSection
	GlobalSection(SolutionProperties) = preSolution
		HideSolutionNode = FALSE
	EndGlobalSection
	GlobalSection(ExtensibilityGlobals) = postSolution
		SolutionGuid = {7D23E33D-845E-4343-B6F4-0ED3D5E978D5}
	EndGlobalSection
EndGlobal
